
Microsoft Visual Studio Solution File, Format Version 12.00
# Visual Studio Version 17
VisualStudioVersion = 17.0.31903.59
MinimumVisualStudioVersion = 10.0.40219.1
Project("{FAE04EC0-301F-11D3-BF4B-00C04F79EFBC}") = "ParameterModifier_ref_in_out", "ParameterModifier_ref_in_out\ParameterModifier_ref_in_out.csproj", "{ABB0BA8F-3F9E-4B72-9FE6-75E9C2BF4702}"
EndProject
Project("{FAE04EC0-301F-11D3-BF4B-00C04F79EFBC}") = "MethodsExample", "MethodsExample\MethodsExample.csproj", "{3CDAC81C-EB9E-43ED-86F6-BAF8CF74D3C6}"
EndProject
Project("{FAE04EC0-301F-11D3-BF4B-00C04F79EFBC}") = "RefReturnExample", "RefReturnExample\RefReturnExample.csproj", "{FD662E68-6304-40A0-A996-15575CC29394}"
EndProject
Project("{FAE04EC0-301F-11D3-BF4B-00C04F79EFBC}") = "Param_And_LocalFunction", "Param_And_LocalFunction\Param_And_LocalFunction.csproj", "{9CBB620A-2489-46C9-8F28-F96AAC2118D7}"
EndProject
Project("{FAE04EC0-301F-11D3-BF4B-00C04F79EFBC}") = "RecursionExample", "RecursionExample\RecursionExample.csproj", "{16D98030-7928-479B-9EF9-36601E0C1D38}"
EndProject
Project("{FAE04EC0-301F-11D3-BF4B-00C04F79EFBC}") = "TypeConversion", "TypeConversion\TypeConversion.csproj", "{FDAEC0F9-0261-46C1-B8E7-3FD03504DEAA}"
EndProject
Project("{FAE04EC0-301F-11D3-BF4B-00C04F79EFBC}") = "ConstructorExample", "ConstructorExample\ConstructorExample.csproj", "{7FDA0EDA-42B1-4DEC-9EBA-F5901D21C5B5}"
EndProject
Project("{FAE04EC0-301F-11D3-BF4B-00C04F79EFBC}") = "ConstructorExampleClassLib", "ConstructorExampleClassLib\ConstructorExampleClassLib.csproj", "{3462075D-A571-4F0B-AB8B-695BB0A04186}"
EndProject
Project("{2150E333-8FDC-42A3-9474-1A3956D46DE8}") = "Indexer", "Indexer", "{5ACDA57D-E011-43F5-883A-E38BDE79F739}"
EndProject
Project("{2150E333-8FDC-42A3-9474-1A3956D46DE8}") = "Constructor", "Constructor", "{219E8183-15FD-4131-99FF-478ED0256C73}"
EndProject
Project("{FAE04EC0-301F-11D3-BF4B-00C04F79EFBC}") = "IndexerExample", "IndexerExample\IndexerExample.csproj", "{08D6FF88-AC86-468F-9BCE-E23C6B6DC523}"
EndProject
Project("{FAE04EC0-301F-11D3-BF4B-00C04F79EFBC}") = "IndexerClassLibrary", "IndexerClassLibrary\IndexerClassLibrary.csproj", "{8ED37471-B5C7-4EA2-ACDA-EE78B88C52CF}"
EndProject
Project("{2150E333-8FDC-42A3-9474-1A3956D46DE8}") = "ParameterModifier", "ParameterModifier", "{58AC6468-68CB-439E-8B35-FED4975D2220}"
EndProject
Project("{2150E333-8FDC-42A3-9474-1A3956D46DE8}") = "Inheritance", "Inheritance", "{DF94AEF8-4E5E-44F9-9ACF-91F8CAAACCE9}"
EndProject
Project("{FAE04EC0-301F-11D3-BF4B-00C04F79EFBC}") = "InheritanceExample", "InheritanceExample\InheritanceExample.csproj", "{16ABD237-122F-41D1-B006-9301125453D6}"
EndProject
Project("{FAE04EC0-301F-11D3-BF4B-00C04F79EFBC}") = "InheritanceClassLibrary", "InheritanceClassLibrary\InheritanceClassLibrary.csproj", "{246CB828-A404-4EF2-A1AF-A4E94558AC19}"
EndProject
Project("{2150E333-8FDC-42A3-9474-1A3956D46DE8}") = "Interface", "Interface", "{C550753D-3BCB-49E0-BA43-9602B42CC628}"
EndProject
Project("{FAE04EC0-301F-11D3-BF4B-00C04F79EFBC}") = "InterfaceExample", "InterfaceExample\InterfaceExample.csproj", "{AF022C51-B5B6-4AAD-BE32-24BCD7B45A17}"
EndProject
Project("{FAE04EC0-301F-11D3-BF4B-00C04F79EFBC}") = "InterfaceClassLibrary", "InterfaceClassLibrary\InterfaceClassLibrary.csproj", "{BB7D3166-DFEF-492A-8EE0-9D9F52811443}"
EndProject
Project("{2150E333-8FDC-42A3-9474-1A3956D46DE8}") = "PartialClass", "PartialClass", "{D79252B8-985F-4837-A0AB-C3C11D38DFC1}"
EndProject
Project("{FAE04EC0-301F-11D3-BF4B-00C04F79EFBC}") = "PartialClassExample", "PartialClassExample\PartialClassExample.csproj", "{02B8AEC3-8E4E-4B21-ADCF-5E39A9AC6426}"
EndProject
Project("{FAE04EC0-301F-11D3-BF4B-00C04F79EFBC}") = "PartialClassClassLibrary", "PartialClassClassLibrary\PartialClassClassLibrary.csproj", "{CA2AEFF2-9244-4FAD-BBF4-52313517BFBE}"
EndProject
Project("{2150E333-8FDC-42A3-9474-1A3956D46DE8}") = "Recursion", "Recursion", "{D270BACA-B64B-4ACD-A17B-59F345C8AEA2}"
EndProject
Project("{2150E333-8FDC-42A3-9474-1A3956D46DE8}") = "RefReturn", "RefReturn", "{A4E2C47F-EEE4-4B09-835A-2209F085119E}"
EndProject
Project("{2150E333-8FDC-42A3-9474-1A3956D46DE8}") = "Params", "Params", "{CDAAD475-5073-4B01-8B68-01180D42D1DD}"
EndProject
Project("{2150E333-8FDC-42A3-9474-1A3956D46DE8}") = "TypeConversion", "TypeConversion", "{72358EA0-1DE2-4F31-A452-C90DBA83ADE8}"
EndProject
Project("{2150E333-8FDC-42A3-9474-1A3956D46DE8}") = "StaticClass", "StaticClass", "{F6A5662C-7FE4-4BD5-8916-BD98A43F1446}"
EndProject
Project("{FAE04EC0-301F-11D3-BF4B-00C04F79EFBC}") = "StaticClassExample", "StaticClassExample\StaticClassExample.csproj", "{41EA60AD-05D4-46E2-80B8-876D585560FE}"
EndProject
Project("{FAE04EC0-301F-11D3-BF4B-00C04F79EFBC}") = "StaticClassLibrary", "StaticClassLibrary\StaticClassLibrary.csproj", "{32A81EBE-6F2E-43C2-B8A5-D257F01DAAD1}"
EndProject
Global
	GlobalSection(SolutionConfigurationPlatforms) = preSolution
		Debug|Any CPU = Debug|Any CPU
		Release|Any CPU = Release|Any CPU
	EndGlobalSection
	GlobalSection(SolutionProperties) = preSolution
		HideSolutionNode = FALSE
	EndGlobalSection
	GlobalSection(ProjectConfigurationPlatforms) = postSolution
		{ABB0BA8F-3F9E-4B72-9FE6-75E9C2BF4702}.Debug|Any CPU.ActiveCfg = Debug|Any CPU
		{ABB0BA8F-3F9E-4B72-9FE6-75E9C2BF4702}.Debug|Any CPU.Build.0 = Debug|Any CPU
		{ABB0BA8F-3F9E-4B72-9FE6-75E9C2BF4702}.Release|Any CPU.ActiveCfg = Release|Any CPU
		{ABB0BA8F-3F9E-4B72-9FE6-75E9C2BF4702}.Release|Any CPU.Build.0 = Release|Any CPU
		{3CDAC81C-EB9E-43ED-86F6-BAF8CF74D3C6}.Debug|Any CPU.ActiveCfg = Debug|Any CPU
		{3CDAC81C-EB9E-43ED-86F6-BAF8CF74D3C6}.Debug|Any CPU.Build.0 = Debug|Any CPU
		{3CDAC81C-EB9E-43ED-86F6-BAF8CF74D3C6}.Release|Any CPU.ActiveCfg = Release|Any CPU
		{3CDAC81C-EB9E-43ED-86F6-BAF8CF74D3C6}.Release|Any CPU.Build.0 = Release|Any CPU
		{FD662E68-6304-40A0-A996-15575CC29394}.Debug|Any CPU.ActiveCfg = Debug|Any CPU
		{FD662E68-6304-40A0-A996-15575CC29394}.Debug|Any CPU.Build.0 = Debug|Any CPU
		{FD662E68-6304-40A0-A996-15575CC29394}.Release|Any CPU.ActiveCfg = Release|Any CPU
		{FD662E68-6304-40A0-A996-15575CC29394}.Release|Any CPU.Build.0 = Release|Any CPU
		{9CBB620A-2489-46C9-8F28-F96AAC2118D7}.Debug|Any CPU.ActiveCfg = Debug|Any CPU
		{9CBB620A-2489-46C9-8F28-F96AAC2118D7}.Debug|Any CPU.Build.0 = Debug|Any CPU
		{9CBB620A-2489-46C9-8F28-F96AAC2118D7}.Release|Any CPU.ActiveCfg = Release|Any CPU
		{9CBB620A-2489-46C9-8F28-F96AAC2118D7}.Release|Any CPU.Build.0 = Release|Any CPU
		{16D98030-7928-479B-9EF9-36601E0C1D38}.Debug|Any CPU.ActiveCfg = Debug|Any CPU
		{16D98030-7928-479B-9EF9-36601E0C1D38}.Debug|Any CPU.Build.0 = Debug|Any CPU
		{16D98030-7928-479B-9EF9-36601E0C1D38}.Release|Any CPU.ActiveCfg = Release|Any CPU
		{16D98030-7928-479B-9EF9-36601E0C1D38}.Release|Any CPU.Build.0 = Release|Any CPU
		{FDAEC0F9-0261-46C1-B8E7-3FD03504DEAA}.Debug|Any CPU.ActiveCfg = Debug|Any CPU
		{FDAEC0F9-0261-46C1-B8E7-3FD03504DEAA}.Debug|Any CPU.Build.0 = Debug|Any CPU
		{FDAEC0F9-0261-46C1-B8E7-3FD03504DEAA}.Release|Any CPU.ActiveCfg = Release|Any CPU
		{FDAEC0F9-0261-46C1-B8E7-3FD03504DEAA}.Release|Any CPU.Build.0 = Release|Any CPU
		{7FDA0EDA-42B1-4DEC-9EBA-F5901D21C5B5}.Debug|Any CPU.ActiveCfg = Debug|Any CPU
		{7FDA0EDA-42B1-4DEC-9EBA-F5901D21C5B5}.Debug|Any CPU.Build.0 = Debug|Any CPU
		{7FDA0EDA-42B1-4DEC-9EBA-F5901D21C5B5}.Release|Any CPU.ActiveCfg = Release|Any CPU
		{7FDA0EDA-42B1-4DEC-9EBA-F5901D21C5B5}.Release|Any CPU.Build.0 = Release|Any CPU
		{3462075D-A571-4F0B-AB8B-695BB0A04186}.Debug|Any CPU.ActiveCfg = Debug|Any CPU
		{3462075D-A571-4F0B-AB8B-695BB0A04186}.Debug|Any CPU.Build.0 = Debug|Any CPU
		{3462075D-A571-4F0B-AB8B-695BB0A04186}.Release|Any CPU.ActiveCfg = Release|Any CPU
		{3462075D-A571-4F0B-AB8B-695BB0A04186}.Release|Any CPU.Build.0 = Release|Any CPU
		{08D6FF88-AC86-468F-9BCE-E23C6B6DC523}.Debug|Any CPU.ActiveCfg = Debug|Any CPU
		{08D6FF88-AC86-468F-9BCE-E23C6B6DC523}.Debug|Any CPU.Build.0 = Debug|Any CPU
		{08D6FF88-AC86-468F-9BCE-E23C6B6DC523}.Release|Any CPU.ActiveCfg = Release|Any CPU
		{08D6FF88-AC86-468F-9BCE-E23C6B6DC523}.Release|Any CPU.Build.0 = Release|Any CPU
		{8ED37471-B5C7-4EA2-ACDA-EE78B88C52CF}.Debug|Any CPU.ActiveCfg = Debug|Any CPU
		{8ED37471-B5C7-4EA2-ACDA-EE78B88C52CF}.Debug|Any CPU.Build.0 = Debug|Any CPU
		{8ED37471-B5C7-4EA2-ACDA-EE78B88C52CF}.Release|Any CPU.ActiveCfg = Release|Any CPU
		{8ED37471-B5C7-4EA2-ACDA-EE78B88C52CF}.Release|Any CPU.Build.0 = Release|Any CPU
		{16ABD237-122F-41D1-B006-9301125453D6}.Debug|Any CPU.ActiveCfg = Debug|Any CPU
		{16ABD237-122F-41D1-B006-9301125453D6}.Debug|Any CPU.Build.0 = Debug|Any CPU
		{16ABD237-122F-41D1-B006-9301125453D6}.Release|Any CPU.ActiveCfg = Release|Any CPU
		{16ABD237-122F-41D1-B006-9301125453D6}.Release|Any CPU.Build.0 = Release|Any CPU
		{246CB828-A404-4EF2-A1AF-A4E94558AC19}.Debug|Any CPU.ActiveCfg = Debug|Any CPU
		{246CB828-A404-4EF2-A1AF-A4E94558AC19}.Debug|Any CPU.Build.0 = Debug|Any CPU
		{246CB828-A404-4EF2-A1AF-A4E94558AC19}.Release|Any CPU.ActiveCfg = Release|Any CPU
		{246CB828-A404-4EF2-A1AF-A4E94558AC19}.Release|Any CPU.Build.0 = Release|Any CPU
		{AF022C51-B5B6-4AAD-BE32-24BCD7B45A17}.Debug|Any CPU.ActiveCfg = Debug|Any CPU
		{AF022C51-B5B6-4AAD-BE32-24BCD7B45A17}.Debug|Any CPU.Build.0 = Debug|Any CPU
		{AF022C51-B5B6-4AAD-BE32-24BCD7B45A17}.Release|Any CPU.ActiveCfg = Release|Any CPU
		{AF022C51-B5B6-4AAD-BE32-24BCD7B45A17}.Release|Any CPU.Build.0 = Release|Any CPU
		{BB7D3166-DFEF-492A-8EE0-9D9F52811443}.Debug|Any CPU.ActiveCfg = Debug|Any CPU
		{BB7D3166-DFEF-492A-8EE0-9D9F52811443}.Debug|Any CPU.Build.0 = Debug|Any CPU
		{BB7D3166-DFEF-492A-8EE0-9D9F52811443}.Release|Any CPU.ActiveCfg = Release|Any CPU
		{BB7D3166-DFEF-492A-8EE0-9D9F52811443}.Release|Any CPU.Build.0 = Release|Any CPU
		{02B8AEC3-8E4E-4B21-ADCF-5E39A9AC6426}.Debug|Any CPU.ActiveCfg = Debug|Any CPU
		{02B8AEC3-8E4E-4B21-ADCF-5E39A9AC6426}.Debug|Any CPU.Build.0 = Debug|Any CPU
		{02B8AEC3-8E4E-4B21-ADCF-5E39A9AC6426}.Release|Any CPU.ActiveCfg = Release|Any CPU
		{02B8AEC3-8E4E-4B21-ADCF-5E39A9AC6426}.Release|Any CPU.Build.0 = Release|Any CPU
		{CA2AEFF2-9244-4FAD-BBF4-52313517BFBE}.Debug|Any CPU.ActiveCfg = Debug|Any CPU
		{CA2AEFF2-9244-4FAD-BBF4-52313517BFBE}.Debug|Any CPU.Build.0 = Debug|Any CPU
		{CA2AEFF2-9244-4FAD-BBF4-52313517BFBE}.Release|Any CPU.ActiveCfg = Release|Any CPU
		{CA2AEFF2-9244-4FAD-BBF4-52313517BFBE}.Release|Any CPU.Build.0 = Release|Any CPU
		{41EA60AD-05D4-46E2-80B8-876D585560FE}.Debug|Any CPU.ActiveCfg = Debug|Any CPU
		{41EA60AD-05D4-46E2-80B8-876D585560FE}.Debug|Any CPU.Build.0 = Debug|Any CPU
		{41EA60AD-05D4-46E2-80B8-876D585560FE}.Release|Any CPU.ActiveCfg = Release|Any CPU
		{41EA60AD-05D4-46E2-80B8-876D585560FE}.Release|Any CPU.Build.0 = Release|Any CPU
		{32A81EBE-6F2E-43C2-B8A5-D257F01DAAD1}.Debug|Any CPU.ActiveCfg = Debug|Any CPU
		{32A81EBE-6F2E-43C2-B8A5-D257F01DAAD1}.Debug|Any CPU.Build.0 = Debug|Any CPU
		{32A81EBE-6F2E-43C2-B8A5-D257F01DAAD1}.Release|Any CPU.ActiveCfg = Release|Any CPU
		{32A81EBE-6F2E-43C2-B8A5-D257F01DAAD1}.Release|Any CPU.Build.0 = Release|Any CPU
	EndGlobalSection
	GlobalSection(NestedProjects) = preSolution
		{7FDA0EDA-42B1-4DEC-9EBA-F5901D21C5B5} = {219E8183-15FD-4131-99FF-478ED0256C73}
		{3462075D-A571-4F0B-AB8B-695BB0A04186} = {219E8183-15FD-4131-99FF-478ED0256C73}
		{08D6FF88-AC86-468F-9BCE-E23C6B6DC523} = {5ACDA57D-E011-43F5-883A-E38BDE79F739}
		{8ED37471-B5C7-4EA2-ACDA-EE78B88C52CF} = {5ACDA57D-E011-43F5-883A-E38BDE79F739}
		{3CDAC81C-EB9E-43ED-86F6-BAF8CF74D3C6} = {58AC6468-68CB-439E-8B35-FED4975D2220}
		{ABB0BA8F-3F9E-4B72-9FE6-75E9C2BF4702} = {58AC6468-68CB-439E-8B35-FED4975D2220}
		{16ABD237-122F-41D1-B006-9301125453D6} = {DF94AEF8-4E5E-44F9-9ACF-91F8CAAACCE9}
		{246CB828-A404-4EF2-A1AF-A4E94558AC19} = {DF94AEF8-4E5E-44F9-9ACF-91F8CAAACCE9}
		{AF022C51-B5B6-4AAD-BE32-24BCD7B45A17} = {C550753D-3BCB-49E0-BA43-9602B42CC628}
		{BB7D3166-DFEF-492A-8EE0-9D9F52811443} = {C550753D-3BCB-49E0-BA43-9602B42CC628}
		{02B8AEC3-8E4E-4B21-ADCF-5E39A9AC6426} = {D79252B8-985F-4837-A0AB-C3C11D38DFC1}
		{CA2AEFF2-9244-4FAD-BBF4-52313517BFBE} = {D79252B8-985F-4837-A0AB-C3C11D38DFC1}
		{16D98030-7928-479B-9EF9-36601E0C1D38} = {D270BACA-B64B-4ACD-A17B-59F345C8AEA2}
		{FD662E68-6304-40A0-A996-15575CC29394} = {A4E2C47F-EEE4-4B09-835A-2209F085119E}
		{9CBB620A-2489-46C9-8F28-F96AAC2118D7} = {CDAAD475-5073-4B01-8B68-01180D42D1DD}
		{FDAEC0F9-0261-46C1-B8E7-3FD03504DEAA} = {72358EA0-1DE2-4F31-A452-C90DBA83ADE8}
		{41EA60AD-05D4-46E2-80B8-876D585560FE} = {F6A5662C-7FE4-4BD5-8916-BD98A43F1446}
		{32A81EBE-6F2E-43C2-B8A5-D257F01DAAD1} = {F6A5662C-7FE4-4BD5-8916-BD98A43F1446}
	EndGlobalSection
EndGlobal
